
Microsoft Visual Studio Solution File, Format Version 12.00
# Visual Studio Version 16
VisualStudioVersion = 16.0.32002.261
MinimumVisualStudioVersion = 10.0.40219.1
Project("{9A19103F-16F7-4668-BE54-9A1E7A4F7556}") = "StudentLogger", "StudentLogger\StudentLogger.csproj", "{0BA56F07-A916-411F-BEB8-5F0A93BD10B3}"
EndProject
Project("{9A19103F-16F7-4668-BE54-9A1E7A4F7556}") = "StudentLoggerLibrary", "StudentLoggerLibrary\StudentLoggerLibrary.csproj", "{20C44704-5ECD-4F0E-9550-4285BFBBCD92}"
EndProject
Global
	GlobalSection(SolutionConfigurationPlatforms) = preSolution
		Debug|Any CPU = Debug|Any CPU
		Release|Any CPU = Release|Any CPU
	EndGlobalSection
	GlobalSection(ProjectConfigurationPlatforms) = postSolution
		{0BA56F07-A916-411F-BEB8-5F0A93BD10B3}.Debug|Any CPU.ActiveCfg = Debug|Any CPU
		{0BA56F07-A916-411F-BEB8-5F0A93BD10B3}.Debug|Any CPU.Build.0 = Debug|Any CPU
		{0BA56F07-A916-411F-BEB8-5F0A93BD10B3}.Release|Any CPU.ActiveCfg = Release|Any CPU
		{0BA56F07-A916-411F-BEB8-5F0A93BD10B3}.Release|Any CPU.Build.0 = Release|Any CPU
		{20C44704-5ECD-4F0E-9550-4285BFBBCD92}.Debug|Any CPU.ActiveCfg = Debug|Any CPU
		{20C44704-5ECD-4F0E-9550-4285BFBBCD92}.Debug|Any CPU.Build.0 = Debug|Any CPU
		{20C44704-5ECD-4F0E-9550-4285BFBBCD92}.Release|Any CPU.ActiveCfg = Release|Any CPU
		{20C44704-5ECD-4F0E-9550-4285BFBBCD92}.Release|Any CPU.Build.0 = Release|Any CPU
	EndGlobalSection
	GlobalSection(SolutionProperties) = preSolution
		HideSolutionNode = FALSE
	EndGlobalSection
	GlobalSection(ExtensibilityGlobals) = postSolution
		SolutionGuid = {958A7014-5391-4692-AD85-2A5A8C427951}
	EndGlobalSection
EndGlobal
